// !$*UTF8*$!
{
	archiveVersion = 1;
	classes = {
	};
	objectVersion = 46;
	objects = {

/* Begin PBXBuildFile section */
		241168621CD5A05700B781A2 /* AppDelegate.swift in Sources */ = {isa = PBXBuildFile; fileRef = 241168611CD5A05700B781A2 /* AppDelegate.swift */; };
		241168641CD5A05700B781A2 /* ViewController.swift in Sources */ = {isa = PBXBuildFile; fileRef = 241168631CD5A05700B781A2 /* ViewController.swift */; };
		241168671CD5A05700B781A2 /* Main.storyboard in Resources */ = {isa = PBXBuildFile; fileRef = 241168651CD5A05700B781A2 /* Main.storyboard */; };
		241168691CD5A05700B781A2 /* Assets.xcassets in Resources */ = {isa = PBXBuildFile; fileRef = 241168681CD5A05700B781A2 /* Assets.xcassets */; };
/* End PBXBuildFile section */

/* Begin PBXFileReference section */
		2411685E1CD5A05700B781A2 /* fineline.app */ = {isa = PBXFileReference; explicitFileType = wrapper.application; includeInIndex = 0; path = fineline.app; sourceTree = BUILT_PRODUCTS_DIR; };
		241168611CD5A05700B781A2 /* AppDelegate.swift */ = {isa = PBXFileReference; lastKnownFileType = sourcecode.swift; path = AppDelegate.swift; sourceTree = "<group>"; };
		241168631CD5A05700B781A2 /* ViewController.swift */ = {isa = PBXFileReference; lastKnownFileType = sourcecode.swift; path = ViewController.swift; sourceTree = "<group>"; };
		241168661CD5A05700B781A2 /* Base */ = {isa = PBXFileReference; lastKnownFileType = file.storyboard; name = Base; path = Base.lproj/Main.storyboard; sourceTree = "<group>"; };
		241168681CD5A05700B781A2 /* Assets.xcassets */ = {isa = PBXFileReference; lastKnownFileType = folder.assetcatalog; path = Assets.xcassets; sourceTree = "<group>"; };
		2411686A1CD5A05700B781A2 /* Info.plist */ = {isa = PBXFileReference; lastKnownFileType = text.plist.xml; path = Info.plist; sourceTree = "<group>"; };
/* End PBXFileReference section */

/* Begin PBXFrameworksBuildPhase section */
		2411685B1CD5A05700B781A2 /* Frameworks */ = {
			isa = PBXFrameworksBuildPhase;
			buildActionMask = 2147483647;
			files = (
			);
			runOnlyForDeploymentPostprocessing = 0;
		};
/* End PBXFrameworksBuildPhase section */

/* Begin PBXGroup section */
		241168551CD5A05700B781A2 = {
			isa = PBXGroup;
			children = (
				241168601CD5A05700B781A2 /* fineline */,
				2411685F1CD5A05700B781A2 /* Products */,
			);
			sourceTree = "<group>";
		};
		2411685F1CD5A05700B781A2 /* Products */ = {
			isa = PBXGroup;
			children = (
				2411685E1CD5A05700B781A2 /* fineline.app */,
			);
			name = Products;
			sourceTree = "<group>";
		};
		241168601CD5A05700B781A2 /* fineline */ = {
			isa = PBXGroup;
			children = (
				241168611CD5A05700B781A2 /* AppDelegate.swift */,
				241168631CD5A05700B781A2 /* ViewController.swift */,
				241168651CD5A05700B781A2 /* Main.storyboard */,
				241168681CD5A05700B781A2 /* Assets.xcassets */,
				2411686A1CD5A05700B781A2 /* Info.plist */,
			);
			path = fineline;
			sourceTree = "<group>";
		};
/* End PBXGroup section */

/* Begin PBXNativeTarget section */
		2411685D1CD5A05700B781A2 /* fineline */ = {
			isa = PBXNativeTarget;
			buildConfigurationList = 2411686D1CD5A05700B781A2 /* Build configuration list for PBXNativeTarget "fineline" */;
			buildPhases = (
				2411685A1CD5A05700B781A2 /* Sources */,
				2411685B1CD5A05700B781A2 /* Frameworks */,
				2411685C1CD5A05700B781A2 /* Resources */,
			);
			buildRules = (
			);
			dependencies = (
			);
			name = fineline;
			productName = fineline;
			productReference = 2411685E1CD5A05700B781A2 /* fineline.app */;
			productType = "com.apple.product-type.application";
		};
/* End PBXNativeTarget section */

/* Begin PBXProject section */
		241168561CD5A05700B781A2 /* Project object */ = {
			isa = PBXProject;
			attributes = {
				LastSwiftUpdateCheck = 0730;
				LastUpgradeCheck = 0730;
				ORGANIZATIONNAME = "Ryan Devenish";
				TargetAttributes = {
					2411685D1CD5A05700B781A2 = {
						CreatedOnToolsVersion = 7.3;
					};
				};
			};
			buildConfigurationList = 241168591CD5A05700B781A2 /* Build configuration list for PBXProject "fineline" */;
			compatibilityVersion = "Xcode 3.2";
			developmentRegion = English;
			hasScannedForEncodings = 0;
			knownRegions = (
				en,
				Base,
			);
			mainGroup = 241168551CD5A05700B781A2;
			productRefGroup = 2411685F1CD5A05700B781A2 /* Products */;
			projectDirPath = "";
			projectRoot = "";
			targets = (
				2411685D1CD5A05700B781A2 /* fineline */,
			);
		};
/* End PBXProject section */

/* Begin PBXResourcesBuildPhase section */
		2411685C1CD5A05700B781A2 /* Resources */ = {
			isa = PBXResourcesBuildPhase;
			buildActionMask = 2147483647;
			files = (
				241168691CD5A05700B781A2 /* Assets.xcassets in Resources */,
				241168671CD5A05700B781A2 /* Main.storyboard in Resources */,
			);
			runOnlyForDeploymentPostprocessing = 0;
		};
/* End PBXResourcesBuildPhase section */

/* Begin PBXSourcesBuildPhase section */
		2411685A1CD5A05700B781A2 /* Sources */ = {
			isa = PBXSourcesBuildPhase;
			buildActionMask = 2147483647;
			files = (
				241168641CD5A05700B781A2 /* ViewController.swift in Sources */,
				241168621CD5A05700B781A2 /* AppDelegate.swift in Sources */,
			);
			runOnlyForDeploymentPostprocessing = 0;
		};
/* End PBXSourcesBuildPhase section */

/* Begin PBXVariantGroup section */
		241168651CD5A05700B781A2 /* Main.storyboard */ = {
			isa = PBXVariantGroup;
			children = (
				241168661CD5A05700B781A2 /* Base */,
			);
			name = Main.storyboard;
			sourceTree = "<group>";
		};
/* End PBXVariantGroup section */

/* Begin XCBuildConfiguration section */
		2411686B1CD5A05700B781A2 /* Debug */ = {
			isa = XCBuildConfiguration;
			buildSettings = {
				ALWAYS_SEARCH_USER_PATHS = NO;
				CLANG_ANALYZER_NONNULL = YES;
				CLANG_CXX_LANGUAGE_STANDARD = "gnu++0x";
				CLANG_CXX_LIBRARY = "libc++";
				CLANG_ENABLE_MODULES = YES;
				CLANG_ENABLE_OBJC_ARC = YES;
				CLANG_WARN_BOOL_CONVERSION = YES;
				CLANG_WARN_CONSTANT_CONVERSION = YES;
				CLANG_WARN_DIRECT_OBJC_ISA_USAGE = YES_ERROR;
				CLANG_WARN_EMPTY_BODY = YES;
				CLANG_WARN_ENUM_CONVERSION = YES;
				CLANG_WARN_INT_CONVERSION = YES;
				CLANG_WARN_OBJC_ROOT_CLASS = YES_ERROR;
				CLANG_WARN_UNREACHABLE_CODE = YES;
				CLANG_WARN__DUPLICATE_METHOD_MATCH = YES;
				COPY_PHASE_STRIP = NO;
				DEBUG_INFORMATION_FORMAT = dwarf;
				ENABLE_STRICT_OBJC_MSGSEND = YES;
				ENABLE_TESTABILITY = YES;
				GCC_C_LANGUAGE_STANDARD = gnu99;
				GCC_DYNAMIC_NO_PIC = NO;
				GCC_NO_COMMON_BLOCKS = YES;
				GCC_OPTIMIZATION_LEVEL = 0;
				GCC_PREPROCESSOR_DEFINITIONS = (
					"DEBUG=1",
					"$(inherited)",
				);
				GCC_WARN_64_TO_32_BIT_CONVERSION = YES;
				GCC_WARN_ABOUT_RETURN_TYPE = YES_ERROR;
				GCC_WARN_UNDECLARED_SELECTOR = YES;
				GCC_WARN_UNINITIALIZED_AUTOS = YES_AGGRESSIVE;
				GCC_WARN_UNUSED_FUNCTION = YES;
				GCC_WARN_UNUSED_VARIABLE = YES;
				MTL_ENABLE_DEBUG_INFO = YES;
				ONLY_ACTIVE_ARCH = YES;
				SDKROOT = appletvos;
				SWIFT_OPTIMIZATION_LEVEL = "-Onone";
				TARGETED_DEVICE_FAMILY = 3;
				TVOS_DEPLOYMENT_TARGET = 9.2;
			};
			name = Debug;
		};
		2411686C1CD5A05700B781A2 /* Release */ = {
			isa = XCBuildConfiguration;
			buildSettings = {
				ALWAYS_SEARCH_USER_PATHS = NO;
				CLANG_ANALYZER_NONNULL = YES;
				CLANG_CXX_LANGUAGE_STANDARD = "gnu++0x";
				CLANG_CXX_LIBRARY = "libc++";
				CLANG_ENABLE_MODULES = YES;
				CLANG_ENABLE_OBJC_ARC = YES;
				CLANG_WARN_BOOL_CONVERSION = YES;
				CLANG_WARN_CONSTANT_CONVERSION = YES;
				CLANG_WARN_DIRECT_OBJC_ISA_USAGE = YES_ERROR;
				CLANG_WARN_EMPTY_BODY = YES;
				CLANG_WARN_ENUM_CONVERSION = YES;
				CLANG_WARN_INT_CONVERSION = YES;
				CLANG_WARN_OBJC_ROOT_CLASS = YES_ERROR;
				CLANG_WARN_UNREACHABLE_CODE = YES;
				CLANG_WARN__DUPLICATE_METHOD_MATCH = YES;
				COPY_PHASE_STRIP = NO;
				DEBUG_INFORMATION_FORMAT = "dwarf-with-dsym";
				ENABLE_NS_ASSERTIONS = NO;
				ENABLE_STRICT_OBJC_MSGSEND = YES;
				GCC_C_LANGUAGE_STANDARD = gnu99;
				GCC_NO_COMMON_BLOCKS = YES;
				GCC_WARN_64_TO_32_BIT_CONVERSION = YES;
				GCC_WARN_ABOUT_RETURN_TYPE = YES_ERROR;
				GCC_WARN_UNDECLARED_SELECTOR = YES;
				GCC_WARN_UNINITIALIZED_AUTOS = YES_AGGRESSIVE;
				GCC_WARN_UNUSED_FUNCTION = YES;
				GCC_WARN_UNUSED_VARIABLE = YES;
				MTL_ENABLE_DEBUG_INFO = NO;
				SDKROOT = appletvos;
				TARGETED_DEVICE_FAMILY = 3;
				TVOS_DEPLOYMENT_TARGET = 9.2;
				VALIDATE_PRODUCT = YES;
			};
			name = Release;
		};
		2411686E1CD5A05700B781A2 /* Debug */ = {
			isa = XCBuildConfiguration;
			buildSettings = {
				ASSETCATALOG_COMPILER_APPICON_NAME = "App Icon & Top Shelf Image";
				ASSETCATALOG_COMPILER_LAUNCHIMAGE_NAME = LaunchImage;
				INFOPLIST_FILE = fineline/Info.plist;
				LD_RUNPATH_SEARCH_PATHS = "$(inherited) @executable_path/Frameworks";
				PRODUCT_BUNDLE_IDENTIFIER = com.ryandevenish.fineline;
				PRODUCT_NAME = "$(TARGET_NAME)";
			};
			name = Debug;
		};
		2411686F1CD5A05700B781A2 /* Release */ = {
			isa = XCBuildConfiguration;
			buildSettings = {
				ASSETCATALOG_COMPILER_APPICON_NAME = "App Icon & Top Shelf Image";
				ASSETCATALOG_COMPILER_LAUNCHIMAGE_NAME = LaunchImage;
				INFOPLIST_FILE = fineline/Info.plist;
				LD_RUNPATH_SEARCH_PATHS = "$(inherited) @executable_path/Frameworks";
				PRODUCT_BUNDLE_IDENTIFIER = com.ryandevenish.fineline;
				PRODUCT_NAME = "$(TARGET_NAME)";
			};
			name = Release;
		};
/* End XCBuildConfiguration section */

/* Begin XCConfigurationList section */
		241168591CD5A05700B781A2 /* Build configuration list for PBXProject "fineline" */ = {
			isa = XCConfigurationList;
			buildConfigurations = (
				2411686B1CD5A05700B781A2 /* Debug */,
				2411686C1CD5A05700B781A2 /* Release */,
			);
			defaultConfigurationIsVisible = 0;
			defaultConfigurationName = Release;
		};
		2411686D1CD5A05700B781A2 /* Build configuration list for PBXNativeTarget "fineline" */ = {
			isa = XCConfigurationList;
			buildConfigurations = (
				2411686E1CD5A05700B781A2 /* Debug */,
				2411686F1CD5A05700B781A2 /* Release */,
			);
			defaultConfigurationIsVisible = 0;
		};
/* End XCConfigurationList section */
	};
	rootObject = 241168561CD5A05700B781A2 /* Project object */;
}
